
Microsoft Visual Studio Solution File, Format Version 12.00
# Visual Studio Version 17
VisualStudioVersion = 17.5.33414.496
MinimumVisualStudioVersion = 10.0.40219.1
Project("{FAE04EC0-301F-11D3-BF4B-00C04F79EFBC}") = "pryValinottiTPReservas", "pryValinottiTPReservas.csproj", "{46B5034C-E668-456C-8F02-9908D51C0115}"
EndProject
Global
	GlobalSection(SolutionConfigurationPlatforms) = preSolution
		Debug|Any CPU = Debug|Any CPU
		Release|Any CPU = Release|Any CPU
	EndGlobalSection
	GlobalSection(ProjectConfigurationPlatforms) = postSolution
		{46B5034C-E668-456C-8F02-9908D51C0115}.Debug|Any CPU.ActiveCfg = Debug|Any CPU
		{46B5034C-E668-456C-8F02-9908D51C0115}.Debug|Any CPU.Build.0 = Debug|Any CPU
		{46B5034C-E668-456C-8F02-9908D51C0115}.Release|Any CPU.ActiveCfg = Release|Any CPU
		{46B5034C-E668-456C-8F02-9908D51C0115}.Release|Any CPU.Build.0 = Release|Any CPU
	EndGlobalSection
	GlobalSection(SolutionProperties) = preSolution
		HideSolutionNode = FALSE
	EndGlobalSection
	GlobalSection(ExtensibilityGlobals) = postSolution
		SolutionGuid = {92A2E295-173D-4E3E-8E32-7AE2C633E4FE}
	EndGlobalSection
EndGlobal
